// !$*UTF8*$!
{
	archiveVersion = 1;
	classes = {
	};
	objectVersion = 46;
	objects = {

/* Begin PBXBuildFile section */
		CBBF3341183AC06A0033A562 /* Foundation.framework in Frameworks */ = {isa = PBXBuildFile; fileRef = CBBF3340183AC06A0033A562 /* Foundation.framework */; };
		CBBF3343183AC06A0033A562 /* CoreGraphics.framework in Frameworks */ = {isa = PBXBuildFile; fileRef = CBBF3342183AC06A0033A562 /* CoreGraphics.framework */; };
		CBBF3345183AC06A0033A562 /* UIKit.framework in Frameworks */ = {isa = PBXBuildFile; fileRef = CBBF3344183AC06A0033A562 /* UIKit.framework */; };
		CBBF334B183AC06A0033A562 /* InfoPlist.strings in Resources */ = {isa = PBXBuildFile; fileRef = CBBF3349183AC06A0033A562 /* InfoPlist.strings */; };
		CBBF334D183AC06A0033A562 /* main.m in Sources */ = {isa = PBXBuildFile; fileRef = CBBF334C183AC06A0033A562 /* main.m */; };
		CBBF3351183AC06A0033A562 /* XYZAppDelegate.m in Sources */ = {isa = PBXBuildFile; fileRef = CBBF3350183AC06A0033A562 /* XYZAppDelegate.m */; };
		CBBF3353183AC06A0033A562 /* Images.xcassets in Resources */ = {isa = PBXBuildFile; fileRef = CBBF3352183AC06A0033A562 /* Images.xcassets */; };
		CBBF335A183AC06B0033A562 /* XCTest.framework in Frameworks */ = {isa = PBXBuildFile; fileRef = CBBF3359183AC06B0033A562 /* XCTest.framework */; };
		CBBF335B183AC06B0033A562 /* Foundation.framework in Frameworks */ = {isa = PBXBuildFile; fileRef = CBBF3340183AC06A0033A562 /* Foundation.framework */; };
		CBBF335C183AC06B0033A562 /* UIKit.framework in Frameworks */ = {isa = PBXBuildFile; fileRef = CBBF3344183AC06A0033A562 /* UIKit.framework */; };
		CBBF3364183AC06B0033A562 /* InfoPlist.strings in Resources */ = {isa = PBXBuildFile; fileRef = CBBF3362183AC06B0033A562 /* InfoPlist.strings */; };
		CBBF3366183AC06B0033A562 /* ToDoListTests.m in Sources */ = {isa = PBXBuildFile; fileRef = CBBF3365183AC06B0033A562 /* ToDoListTests.m */; };
/* End PBXBuildFile section */

/* Begin PBXContainerItemProxy section */
		CBBF335D183AC06B0033A562 /* PBXContainerItemProxy */ = {
			isa = PBXContainerItemProxy;
			containerPortal = CBBF3335183AC06A0033A562 /* Project object */;
			proxyType = 1;
			remoteGlobalIDString = CBBF333C183AC06A0033A562;
			remoteInfo = ToDoList;
		};
/* End PBXContainerItemProxy section */

/* Begin PBXFileReference section */
		CBBF333D183AC06A0033A562 /* ToDoList.app */ = {isa = PBXFileReference; explicitFileType = wrapper.application; includeInIndex = 0; path = ToDoList.app; sourceTree = BUILT_PRODUCTS_DIR; };
		CBBF3340183AC06A0033A562 /* Foundation.framework */ = {isa = PBXFileReference; lastKnownFileType = wrapper.framework; name = Foundation.framework; path = System/Library/Frameworks/Foundation.framework; sourceTree = SDKROOT; };
		CBBF3342183AC06A0033A562 /* CoreGraphics.framework */ = {isa = PBXFileReference; lastKnownFileType = wrapper.framework; name = CoreGraphics.framework; path = System/Library/Frameworks/CoreGraphics.framework; sourceTree = SDKROOT; };
		CBBF3344183AC06A0033A562 /* UIKit.framework */ = {isa = PBXFileReference; lastKnownFileType = wrapper.framework; name = UIKit.framework; path = System/Library/Frameworks/UIKit.framework; sourceTree = SDKROOT; };
		CBBF3348183AC06A0033A562 /* ToDoList-Info.plist */ = {isa = PBXFileReference; lastKnownFileType = text.plist.xml; path = "ToDoList-Info.plist"; sourceTree = "<group>"; };
		CBBF334A183AC06A0033A562 /* en */ = {isa = PBXFileReference; lastKnownFileType = text.plist.strings; name = en; path = en.lproj/InfoPlist.strings; sourceTree = "<group>"; };
		CBBF334C183AC06A0033A562 /* main.m */ = {isa = PBXFileReference; lastKnownFileType = sourcecode.c.objc; path = main.m; sourceTree = "<group>"; };
		CBBF334E183AC06A0033A562 /* ToDoList-Prefix.pch */ = {isa = PBXFileReference; lastKnownFileType = sourcecode.c.h; path = "ToDoList-Prefix.pch"; sourceTree = "<group>"; };
		CBBF334F183AC06A0033A562 /* XYZAppDelegate.h */ = {isa = PBXFileReference; lastKnownFileType = sourcecode.c.h; path = XYZAppDelegate.h; sourceTree = "<group>"; };
		CBBF3350183AC06A0033A562 /* XYZAppDelegate.m */ = {isa = PBXFileReference; lastKnownFileType = sourcecode.c.objc; path = XYZAppDelegate.m; sourceTree = "<group>"; };
		CBBF3352183AC06A0033A562 /* Images.xcassets */ = {isa = PBXFileReference; lastKnownFileType = folder.assetcatalog; path = Images.xcassets; sourceTree = "<group>"; };
		CBBF3358183AC06B0033A562 /* ToDoListTests.xctest */ = {isa = PBXFileReference; explicitFileType = wrapper.cfbundle; includeInIndex = 0; path = ToDoListTests.xctest; sourceTree = BUILT_PRODUCTS_DIR; };
		CBBF3359183AC06B0033A562 /* XCTest.framework */ = {isa = PBXFileReference; lastKnownFileType = wrapper.framework; name = XCTest.framework; path = Library/Frameworks/XCTest.framework; sourceTree = DEVELOPER_DIR; };
		CBBF3361183AC06B0033A562 /* ToDoListTests-Info.plist */ = {isa = PBXFileReference; lastKnownFileType = text.plist.xml; path = "ToDoListTests-Info.plist"; sourceTree = "<group>"; };
		CBBF3363183AC06B0033A562 /* en */ = {isa = PBXFileReference; lastKnownFileType = text.plist.strings; name = en; path = en.lproj/InfoPlist.strings; sourceTree = "<group>"; };
		CBBF3365183AC06B0033A562 /* ToDoListTests.m */ = {isa = PBXFileReference; lastKnownFileType = sourcecode.c.objc; path = ToDoListTests.m; sourceTree = "<group>"; };
/* End PBXFileReference section */

/* Begin PBXFrameworksBuildPhase section */
		CBBF333A183AC06A0033A562 /* Frameworks */ = {
			isa = PBXFrameworksBuildPhase;
			buildActionMask = 2147483647;
			files = (
				CBBF3343183AC06A0033A562 /* CoreGraphics.framework in Frameworks */,
				CBBF3345183AC06A0033A562 /* UIKit.framework in Frameworks */,
				CBBF3341183AC06A0033A562 /* Foundation.framework in Frameworks */,
			);
			runOnlyForDeploymentPostprocessing = 0;
		};
		CBBF3355183AC06B0033A562 /* Frameworks */ = {
			isa = PBXFrameworksBuildPhase;
			buildActionMask = 2147483647;
			files = (
				CBBF335A183AC06B0033A562 /* XCTest.framework in Frameworks */,
				CBBF335C183AC06B0033A562 /* UIKit.framework in Frameworks */,
				CBBF335B183AC06B0033A562 /* Foundation.framework in Frameworks */,
			);
			runOnlyForDeploymentPostprocessing = 0;
		};
/* End PBXFrameworksBuildPhase section */

/* Begin PBXGroup section */
		CBBF3334183AC06A0033A562 = {
			isa = PBXGroup;
			children = (
				CBBF3346183AC06A0033A562 /* ToDoList */,
				CBBF335F183AC06B0033A562 /* ToDoListTests */,
				CBBF333F183AC06A0033A562 /* Frameworks */,
				CBBF333E183AC06A0033A562 /* Products */,
			);
			sourceTree = "<group>";
		};
		CBBF333E183AC06A0033A562 /* Products */ = {
			isa = PBXGroup;
			children = (
				CBBF333D183AC06A0033A562 /* ToDoList.app */,
				CBBF3358183AC06B0033A562 /* ToDoListTests.xctest */,
			);
			name = Products;
			sourceTree = "<group>";
		};
		CBBF333F183AC06A0033A562 /* Frameworks */ = {
			isa = PBXGroup;
			children = (
				CBBF3340183AC06A0033A562 /* Foundation.framework */,
				CBBF3342183AC06A0033A562 /* CoreGraphics.framework */,
				CBBF3344183AC06A0033A562 /* UIKit.framework */,
				CBBF3359183AC06B0033A562 /* XCTest.framework */,
			);
			name = Frameworks;
			sourceTree = "<group>";
		};
		CBBF3346183AC06A0033A562 /* ToDoList */ = {
			isa = PBXGroup;
			children = (
				CBBF334F183AC06A0033A562 /* XYZAppDelegate.h */,
				CBBF3350183AC06A0033A562 /* XYZAppDelegate.m */,
				CBBF3352183AC06A0033A562 /* Images.xcassets */,
				CBBF3347183AC06A0033A562 /* Supporting Files */,
			);
			path = ToDoList;
			sourceTree = "<group>";
		};
		CBBF3347183AC06A0033A562 /* Supporting Files */ = {
			isa = PBXGroup;
			children = (
				CBBF3348183AC06A0033A562 /* ToDoList-Info.plist */,
				CBBF3349183AC06A0033A562 /* InfoPlist.strings */,
				CBBF334C183AC06A0033A562 /* main.m */,
				CBBF334E183AC06A0033A562 /* ToDoList-Prefix.pch */,
			);
			name = "Supporting Files";
			sourceTree = "<group>";
		};
		CBBF335F183AC06B0033A562 /* ToDoListTests */ = {
			isa = PBXGroup;
			children = (
				CBBF3365183AC06B0033A562 /* ToDoListTests.m */,
				CBBF3360183AC06B0033A562 /* Supporting Files */,
			);
			path = ToDoListTests;
			sourceTree = "<group>";
		};
		CBBF3360183AC06B0033A562 /* Supporting Files */ = {
			isa = PBXGroup;
			children = (
				CBBF3361183AC06B0033A562 /* ToDoListTests-Info.plist */,
				CBBF3362183AC06B0033A562 /* InfoPlist.strings */,
			);
			name = "Supporting Files";
			sourceTree = "<group>";
		};
/* End PBXGroup section */

/* Begin PBXNativeTarget section */
		CBBF333C183AC06A0033A562 /* ToDoList */ = {
			isa = PBXNativeTarget;
			buildConfigurationList = CBBF3369183AC06B0033A562 /* Build configuration list for PBXNativeTarget "ToDoList" */;
			buildPhases = (
				CBBF3339183AC06A0033A562 /* Sources */,
				CBBF333A183AC06A0033A562 /* Frameworks */,
				CBBF333B183AC06A0033A562 /* Resources */,
			);
			buildRules = (
			);
			dependencies = (
			);
			name = ToDoList;
			productName = ToDoList;
			productReference = CBBF333D183AC06A0033A562 /* ToDoList.app */;
			productType = "com.apple.product-type.application";
		};
		CBBF3357183AC06B0033A562 /* ToDoListTests */ = {
			isa = PBXNativeTarget;
			buildConfigurationList = CBBF336C183AC06B0033A562 /* Build configuration list for PBXNativeTarget "ToDoListTests" */;
			buildPhases = (
				CBBF3354183AC06B0033A562 /* Sources */,
				CBBF3355183AC06B0033A562 /* Frameworks */,
				CBBF3356183AC06B0033A562 /* Resources */,
			);
			buildRules = (
			);
			dependencies = (
				CBBF335E183AC06B0033A562 /* PBXTargetDependency */,
			);
			name = ToDoListTests;
			productName = ToDoListTests;
			productReference = CBBF3358183AC06B0033A562 /* ToDoListTests.xctest */;
			productType = "com.apple.product-type.bundle.unit-test";
		};
/* End PBXNativeTarget section */

/* Begin PBXProject section */
		CBBF3335183AC06A0033A562 /* Project object */ = {
			isa = PBXProject;
			attributes = {
				CLASSPREFIX = XYZ;
				LastUpgradeCheck = 0500;
				ORGANIZATIONNAME = "Shane Rogers";
				TargetAttributes = {
					CBBF3357183AC06B0033A562 = {
						TestTargetID = CBBF333C183AC06A0033A562;
					};
				};
			};
			buildConfigurationList = CBBF3338183AC06A0033A562 /* Build configuration list for PBXProject "ToDoList" */;
			compatibilityVersion = "Xcode 3.2";
			developmentRegion = English;
			hasScannedForEncodings = 0;
			knownRegions = (
				en,
			);
			mainGroup = CBBF3334183AC06A0033A562;
			productRefGroup = CBBF333E183AC06A0033A562 /* Products */;
			projectDirPath = "";
			projectRoot = "";
			targets = (
				CBBF333C183AC06A0033A562 /* ToDoList */,
				CBBF3357183AC06B0033A562 /* ToDoListTests */,
			);
		};
/* End PBXProject section */

/* Begin PBXResourcesBuildPhase section */
		CBBF333B183AC06A0033A562 /* Resources */ = {
			isa = PBXResourcesBuildPhase;
			buildActionMask = 2147483647;
			files = (
				CBBF334B183AC06A0033A562 /* InfoPlist.strings in Resources */,
				CBBF3353183AC06A0033A562 /* Images.xcassets in Resources */,
			);
			runOnlyForDeploymentPostprocessing = 0;
		};
		CBBF3356183AC06B0033A562 /* Resources */ = {
			isa = PBXResourcesBuildPhase;
			buildActionMask = 2147483647;
			files = (
				CBBF3364183AC06B0033A562 /* InfoPlist.strings in Resources */,
			);
			runOnlyForDeploymentPostprocessing = 0;
		};
/* End PBXResourcesBuildPhase section */

/* Begin PBXSourcesBuildPhase section */
		CBBF3339183AC06A0033A562 /* Sources */ = {
			isa = PBXSourcesBuildPhase;
			buildActionMask = 2147483647;
			files = (
				CBBF3351183AC06A0033A562 /* XYZAppDelegate.m in Sources */,
				CBBF334D183AC06A0033A562 /* main.m in Sources */,
			);
			runOnlyForDeploymentPostprocessing = 0;
		};
		CBBF3354183AC06B0033A562 /* Sources */ = {
			isa = PBXSourcesBuildPhase;
			buildActionMask = 2147483647;
			files = (
				CBBF3366183AC06B0033A562 /* ToDoListTests.m in Sources */,
			);
			runOnlyForDeploymentPostprocessing = 0;
		};
/* End PBXSourcesBuildPhase section */

/* Begin PBXTargetDependency section */
		CBBF335E183AC06B0033A562 /* PBXTargetDependency */ = {
			isa = PBXTargetDependency;
			target = CBBF333C183AC06A0033A562 /* ToDoList */;
			targetProxy = CBBF335D183AC06B0033A562 /* PBXContainerItemProxy */;
		};
/* End PBXTargetDependency section */

/* Begin PBXVariantGroup section */
		CBBF3349183AC06A0033A562 /* InfoPlist.strings */ = {
			isa = PBXVariantGroup;
			children = (
				CBBF334A183AC06A0033A562 /* en */,
			);
			name = InfoPlist.strings;
			sourceTree = "<group>";
		};
		CBBF3362183AC06B0033A562 /* InfoPlist.strings */ = {
			isa = PBXVariantGroup;
			children = (
				CBBF3363183AC06B0033A562 /* en */,
			);
			name = InfoPlist.strings;
			sourceTree = "<group>";
		};
/* End PBXVariantGroup section */

/* Begin XCBuildConfiguration section */
		CBBF3367183AC06B0033A562 /* Debug */ = {
			isa = XCBuildConfiguration;
			buildSettings = {
				ALWAYS_SEARCH_USER_PATHS = NO;
				ARCHS = "$(ARCHS_STANDARD_INCLUDING_64_BIT)";
				CLANG_CXX_LANGUAGE_STANDARD = "gnu++0x";
				CLANG_CXX_LIBRARY = "libc++";
				CLANG_ENABLE_MODULES = YES;
				CLANG_ENABLE_OBJC_ARC = YES;
				CLANG_WARN_BOOL_CONVERSION = YES;
				CLANG_WARN_CONSTANT_CONVERSION = YES;
				CLANG_WARN_DIRECT_OBJC_ISA_USAGE = YES_ERROR;
				CLANG_WARN_EMPTY_BODY = YES;
				CLANG_WARN_ENUM_CONVERSION = YES;
				CLANG_WARN_INT_CONVERSION = YES;
				CLANG_WARN_OBJC_ROOT_CLASS = YES_ERROR;
				CLANG_WARN__DUPLICATE_METHOD_MATCH = YES;
				"CODE_SIGN_IDENTITY[sdk=iphoneos*]" = "iPhone Developer";
				COPY_PHASE_STRIP = NO;
				GCC_C_LANGUAGE_STANDARD = gnu99;
				GCC_DYNAMIC_NO_PIC = NO;
				GCC_OPTIMIZATION_LEVEL = 0;
				GCC_PREPROCESSOR_DEFINITIONS = (
					"DEBUG=1",
					"$(inherited)",
				);
				GCC_SYMBOLS_PRIVATE_EXTERN = NO;
				GCC_WARN_64_TO_32_BIT_CONVERSION = YES;
				GCC_WARN_ABOUT_RETURN_TYPE = YES_ERROR;
				GCC_WARN_UNDECLARED_SELECTOR = YES;
				GCC_WARN_UNINITIALIZED_AUTOS = YES;
				GCC_WARN_UNUSED_FUNCTION = YES;
				GCC_WARN_UNUSED_VARIABLE = YES;
				IPHONEOS_DEPLOYMENT_TARGET = 7.0;
				ONLY_ACTIVE_ARCH = YES;
				SDKROOT = iphoneos;
			};
			name = Debug;
		};
		CBBF3368183AC06B0033A562 /* Release */ = {
			isa = XCBuildConfiguration;
			buildSettings = {
				ALWAYS_SEARCH_USER_PATHS = NO;
				ARCHS = "$(ARCHS_STANDARD_INCLUDING_64_BIT)";
				CLANG_CXX_LANGUAGE_STANDARD = "gnu++0x";
				CLANG_CXX_LIBRARY = "libc++";
				CLANG_ENABLE_MODULES = YES;
				CLANG_ENABLE_OBJC_ARC = YES;
				CLANG_WARN_BOOL_CONVERSION = YES;
				CLANG_WARN_CONSTANT_CONVERSION = YES;
				CLANG_WARN_DIRECT_OBJC_ISA_USAGE = YES_ERROR;
				CLANG_WARN_EMPTY_BODY = YES;
				CLANG_WARN_ENUM_CONVERSION = YES;
				CLANG_WARN_INT_CONVERSION = YES;
				CLANG_WARN_OBJC_ROOT_CLASS = YES_ERROR;
				CLANG_WARN__DUPLICATE_METHOD_MATCH = YES;
				"CODE_SIGN_IDENTITY[sdk=iphoneos*]" = "iPhone Developer";
				COPY_PHASE_STRIP = YES;
				ENABLE_NS_ASSERTIONS = NO;
				GCC_C_LANGUAGE_STANDARD = gnu99;
				GCC_WARN_64_TO_32_BIT_CONVERSION = YES;
				GCC_WARN_ABOUT_RETURN_TYPE = YES_ERROR;
				GCC_WARN_UNDECLARED_SELECTOR = YES;
				GCC_WARN_UNINITIALIZED_AUTOS = YES;
				GCC_WARN_UNUSED_FUNCTION = YES;
				GCC_WARN_UNUSED_VARIABLE = YES;
				IPHONEOS_DEPLOYMENT_TARGET = 7.0;
				SDKROOT = iphoneos;
				VALIDATE_PRODUCT = YES;
			};
			name = Release;
		};
		CBBF336A183AC06B0033A562 /* Debug */ = {
			isa = XCBuildConfiguration;
			buildSettings = {
				ASSETCATALOG_COMPILER_APPICON_NAME = AppIcon;
				ASSETCATALOG_COMPILER_LAUNCHIMAGE_NAME = LaunchImage;
				GCC_PRECOMPILE_PREFIX_HEADER = YES;
				GCC_PREFIX_HEADER = "ToDoList/ToDoList-Prefix.pch";
				INFOPLIST_FILE = "ToDoList/ToDoList-Info.plist";
				PRODUCT_NAME = "$(TARGET_NAME)";
				WRAPPER_EXTENSION = app;
			};
			name = Debug;
		};
		CBBF336B183AC06B0033A562 /* Release */ = {
			isa = XCBuildConfiguration;
			buildSettings = {
				ASSETCATALOG_COMPILER_APPICON_NAME = AppIcon;
				ASSETCATALOG_COMPILER_LAUNCHIMAGE_NAME = LaunchImage;
				GCC_PRECOMPILE_PREFIX_HEADER = YES;
				GCC_PREFIX_HEADER = "ToDoList/ToDoList-Prefix.pch";
				INFOPLIST_FILE = "ToDoList/ToDoList-Info.plist";
				PRODUCT_NAME = "$(TARGET_NAME)";
				WRAPPER_EXTENSION = app;
			};
			name = Release;
		};
		CBBF336D183AC06B0033A562 /* Debug */ = {
			isa = XCBuildConfiguration;
			buildSettings = {
				ARCHS = "$(ARCHS_STANDARD_INCLUDING_64_BIT)";
				BUNDLE_LOADER = "$(BUILT_PRODUCTS_DIR)/ToDoList.app/ToDoList";
				FRAMEWORK_SEARCH_PATHS = (
					"$(SDKROOT)/Developer/Library/Frameworks",
					"$(inherited)",
					"$(DEVELOPER_FRAMEWORKS_DIR)",
				);
				GCC_PRECOMPILE_PREFIX_HEADER = YES;
				GCC_PREFIX_HEADER = "ToDoList/ToDoList-Prefix.pch";
				GCC_PREPROCESSOR_DEFINITIONS = (
					"DEBUG=1",
					"$(inherited)",
				);
				INFOPLIST_FILE = "ToDoListTests/ToDoListTests-Info.plist";
				PRODUCT_NAME = "$(TARGET_NAME)";
				TEST_HOST = "$(BUNDLE_LOADER)";
				WRAPPER_EXTENSION = xctest;
			};
			name = Debug;
		};
		CBBF336E183AC06B0033A562 /* Release */ = {
			isa = XCBuildConfiguration;
			buildSettings = {
				ARCHS = "$(ARCHS_STANDARD_INCLUDING_64_BIT)";
				BUNDLE_LOADER = "$(BUILT_PRODUCTS_DIR)/ToDoList.app/ToDoList";
				FRAMEWORK_SEARCH_PATHS = (
					"$(SDKROOT)/Developer/Library/Frameworks",
					"$(inherited)",
					"$(DEVELOPER_FRAMEWORKS_DIR)",
				);
				GCC_PRECOMPILE_PREFIX_HEADER = YES;
				GCC_PREFIX_HEADER = "ToDoList/ToDoList-Prefix.pch";
				INFOPLIST_FILE = "ToDoListTests/ToDoListTests-Info.plist";
				PRODUCT_NAME = "$(TARGET_NAME)";
				TEST_HOST = "$(BUNDLE_LOADER)";
				WRAPPER_EXTENSION = xctest;
			};
			name = Release;
		};
/* End XCBuildConfiguration section */

/* Begin XCConfigurationList section */
		CBBF3338183AC06A0033A562 /* Build configuration list for PBXProject "ToDoList" */ = {
			isa = XCConfigurationList;
			buildConfigurations = (
				CBBF3367183AC06B0033A562 /* Debug */,
				CBBF3368183AC06B0033A562 /* Release */,
			);
			defaultConfigurationIsVisible = 0;
			defaultConfigurationName = Release;
		};
		CBBF3369183AC06B0033A562 /* Build configuration list for PBXNativeTarget "ToDoList" */ = {
			isa = XCConfigurationList;
			buildConfigurations = (
				CBBF336A183AC06B0033A562 /* Debug */,
				CBBF336B183AC06B0033A562 /* Release */,
			);
			defaultConfigurationIsVisible = 0;
		};
		CBBF336C183AC06B0033A562 /* Build configuration list for PBXNativeTarget "ToDoListTests" */ = {
			isa = XCConfigurationList;
			buildConfigurations = (
				CBBF336D183AC06B0033A562 /* Debug */,
				CBBF336E183AC06B0033A562 /* Release */,
			);
			defaultConfigurationIsVisible = 0;
		};
/* End XCConfigurationList section */
	};
	rootObject = CBBF3335183AC06A0033A562 /* Project object */;
}
